
Microsoft Visual Studio Solution File, Format Version 12.00
# Visual Studio Version 17
VisualStudioVersion = 17.14.36623.8
MinimumVisualStudioVersion = 10.0.40219.1
Project("{FAE04EC0-301F-11D3-BF4B-00C04F79EFBC}") = "Portfolio.ECommerce.Blazor", "ECommerce.Blazor\Portfolio.ECommerce.Blazor.csproj", "{962ECB23-FA6C-4D0D-B2B0-A64971F3BE37}"
EndProject
Project("{FAE04EC0-301F-11D3-BF4B-00C04F79EFBC}") = "ECommerce.Domain", "ECommerce.Domain\ECommerce.Domain.csproj", "{845AFF10-AE62-4DBE-AC94-3F734FFC9AD9}"
EndProject
Project("{FAE04EC0-301F-11D3-BF4B-00C04F79EFBC}") = "ECommerce.Infrastructure", "ECommerce.Infrastructure\ECommerce.Infrastructure.csproj", "{76FE72DC-5971-40E6-8C7F-0750444D473B}"
EndProject
Project("{FAE04EC0-301F-11D3-BF4B-00C04F79EFBC}") = "ECommerce.API", "ECommerce.API\ECommerce.API.csproj", "{EA741F0C-F459-4C7C-97B7-6F5F6FC34AC9}"
EndProject
Global
	GlobalSection(SolutionConfigurationPlatforms) = preSolution
		Debug|Any CPU = Debug|Any CPU
		Release|Any CPU = Release|Any CPU
	EndGlobalSection
	GlobalSection(ProjectConfigurationPlatforms) = postSolution
		{962ECB23-FA6C-4D0D-B2B0-A64971F3BE37}.Debug|Any CPU.ActiveCfg = Debug|Any CPU
		{962ECB23-FA6C-4D0D-B2B0-A64971F3BE37}.Debug|Any CPU.Build.0 = Debug|Any CPU
		{962ECB23-FA6C-4D0D-B2B0-A64971F3BE37}.Release|Any CPU.ActiveCfg = Release|Any CPU
		{962ECB23-FA6C-4D0D-B2B0-A64971F3BE37}.Release|Any CPU.Build.0 = Release|Any CPU
		{845AFF10-AE62-4DBE-AC94-3F734FFC9AD9}.Debug|Any CPU.ActiveCfg = Debug|Any CPU
		{845AFF10-AE62-4DBE-AC94-3F734FFC9AD9}.Debug|Any CPU.Build.0 = Debug|Any CPU
		{845AFF10-AE62-4DBE-AC94-3F734FFC9AD9}.Release|Any CPU.ActiveCfg = Release|Any CPU
		{845AFF10-AE62-4DBE-AC94-3F734FFC9AD9}.Release|Any CPU.Build.0 = Release|Any CPU
		{76FE72DC-5971-40E6-8C7F-0750444D473B}.Debug|Any CPU.ActiveCfg = Debug|Any CPU
		{76FE72DC-5971-40E6-8C7F-0750444D473B}.Debug|Any CPU.Build.0 = Debug|Any CPU
		{76FE72DC-5971-40E6-8C7F-0750444D473B}.Release|Any CPU.ActiveCfg = Release|Any CPU
		{76FE72DC-5971-40E6-8C7F-0750444D473B}.Release|Any CPU.Build.0 = Release|Any CPU
		{EA741F0C-F459-4C7C-97B7-6F5F6FC34AC9}.Debug|Any CPU.ActiveCfg = Debug|Any CPU
		{EA741F0C-F459-4C7C-97B7-6F5F6FC34AC9}.Debug|Any CPU.Build.0 = Debug|Any CPU
		{EA741F0C-F459-4C7C-97B7-6F5F6FC34AC9}.Release|Any CPU.ActiveCfg = Release|Any CPU
		{EA741F0C-F459-4C7C-97B7-6F5F6FC34AC9}.Release|Any CPU.Build.0 = Release|Any CPU
	EndGlobalSection
	GlobalSection(SolutionProperties) = preSolution
		HideSolutionNode = FALSE
	EndGlobalSection
	GlobalSection(ExtensibilityGlobals) = postSolution
		SolutionGuid = {2EBCB70B-84BD-4E49-83C4-1104FA4F481B}
	EndGlobalSection
EndGlobal
